// !$*UTF8*$!
{
	archiveVersion = 1;
	classes = {
	};
	objectVersion = 56;
	objects = {

/* Begin PBXBuildFile section */
		224088742D8CC83A00870094 /* ToDoAppApp.swift in Sources */ = {isa = PBXBuildFile; fileRef = 224088732D8CC83A00870094 /* ToDoAppApp.swift */; };
		224088762D8CC83A00870094 /* ContentView.swift in Sources */ = {isa = PBXBuildFile; fileRef = 224088752D8CC83A00870094 /* ContentView.swift */; };
		224088782D8CC83C00870094 /* Assets.xcassets in Resources */ = {isa = PBXBuildFile; fileRef = 224088772D8CC83C00870094 /* Assets.xcassets */; };
		2240887B2D8CC83C00870094 /* Preview Assets.xcassets in Resources */ = {isa = PBXBuildFile; fileRef = 2240887A2D8CC83C00870094 /* Preview Assets.xcassets */; };
		224088852D8CC83D00870094 /* ToDoAppTests.swift in Sources */ = {isa = PBXBuildFile; fileRef = 224088842D8CC83D00870094 /* ToDoAppTests.swift */; };
		2240888F2D8CC83D00870094 /* ToDoAppUITests.swift in Sources */ = {isa = PBXBuildFile; fileRef = 2240888E2D8CC83D00870094 /* ToDoAppUITests.swift */; };
		224088912D8CC83D00870094 /* ToDoAppUITestsLaunchTests.swift in Sources */ = {isa = PBXBuildFile; fileRef = 224088902D8CC83D00870094 /* ToDoAppUITestsLaunchTests.swift */; };
		2240889E2D8CC87000870094 /* LaunchScreen.swift in Sources */ = {isa = PBXBuildFile; fileRef = 2240889D2D8CC87000870094 /* LaunchScreen.swift */; };
		224088A02D8CC88900870094 /* TaskDetailView.swift in Sources */ = {isa = PBXBuildFile; fileRef = 2240889F2D8CC88900870094 /* TaskDetailView.swift */; };
		22FEC0C92DA870BC0037F6F0 /* Task.swift in Sources */ = {isa = PBXBuildFile; fileRef = 22FEC0C82DA870BC0037F6F0 /* Task.swift */; };
		22FEC0CC2DA870F60037F6F0 /* TaskDataStore.swift in Sources */ = {isa = PBXBuildFile; fileRef = 22FEC0CB2DA870F60037F6F0 /* TaskDataStore.swift */; };
		22FEC0CF2DA8713C0037F6F0 /* TaskRow.swift in Sources */ = {isa = PBXBuildFile; fileRef = 22FEC0CE2DA8713C0037F6F0 /* TaskRow.swift */; };
		22FEC0D12DA871920037F6F0 /* AddTaskView.swift in Sources */ = {isa = PBXBuildFile; fileRef = 22FEC0D02DA871920037F6F0 /* AddTaskView.swift */; };
/* End PBXBuildFile section */

/* Begin PBXContainerItemProxy section */
		224088812D8CC83D00870094 /* PBXContainerItemProxy */ = {
			isa = PBXContainerItemProxy;
			containerPortal = 224088682D8CC83A00870094 /* Project object */;
			proxyType = 1;
			remoteGlobalIDString = 2240886F2D8CC83A00870094;
			remoteInfo = ToDoApp;
		};
		2240888B2D8CC83D00870094 /* PBXContainerItemProxy */ = {
			isa = PBXContainerItemProxy;
			containerPortal = 224088682D8CC83A00870094 /* Project object */;
			proxyType = 1;
			remoteGlobalIDString = 2240886F2D8CC83A00870094;
			remoteInfo = ToDoApp;
		};
/* End PBXContainerItemProxy section */

/* Begin PBXFileReference section */
		224088702D8CC83A00870094 /* ToDoApp.app */ = {isa = PBXFileReference; explicitFileType = wrapper.application; includeInIndex = 0; path = ToDoApp.app; sourceTree = BUILT_PRODUCTS_DIR; };
		224088732D8CC83A00870094 /* ToDoAppApp.swift */ = {isa = PBXFileReference; lastKnownFileType = sourcecode.swift; path = ToDoAppApp.swift; sourceTree = "<group>"; };
		224088752D8CC83A00870094 /* ContentView.swift */ = {isa = PBXFileReference; lastKnownFileType = sourcecode.swift; path = ContentView.swift; sourceTree = "<group>"; };
		224088772D8CC83C00870094 /* Assets.xcassets */ = {isa = PBXFileReference; lastKnownFileType = folder.assetcatalog; path = Assets.xcassets; sourceTree = "<group>"; };
		2240887A2D8CC83C00870094 /* Preview Assets.xcassets */ = {isa = PBXFileReference; lastKnownFileType = folder.assetcatalog; path = "Preview Assets.xcassets"; sourceTree = "<group>"; };
		224088802D8CC83D00870094 /* ToDoAppTests.xctest */ = {isa = PBXFileReference; explicitFileType = wrapper.cfbundle; includeInIndex = 0; path = ToDoAppTests.xctest; sourceTree = BUILT_PRODUCTS_DIR; };
		224088842D8CC83D00870094 /* ToDoAppTests.swift */ = {isa = PBXFileReference; lastKnownFileType = sourcecode.swift; path = ToDoAppTests.swift; sourceTree = "<group>"; };
		2240888A2D8CC83D00870094 /* ToDoAppUITests.xctest */ = {isa = PBXFileReference; explicitFileType = wrapper.cfbundle; includeInIndex = 0; path = ToDoAppUITests.xctest; sourceTree = BUILT_PRODUCTS_DIR; };
		2240888E2D8CC83D00870094 /* ToDoAppUITests.swift */ = {isa = PBXFileReference; lastKnownFileType = sourcecode.swift; path = ToDoAppUITests.swift; sourceTree = "<group>"; };
		224088902D8CC83D00870094 /* ToDoAppUITestsLaunchTests.swift */ = {isa = PBXFileReference; lastKnownFileType = sourcecode.swift; path = ToDoAppUITestsLaunchTests.swift; sourceTree = "<group>"; };
		2240889D2D8CC87000870094 /* LaunchScreen.swift */ = {isa = PBXFileReference; lastKnownFileType = sourcecode.swift; path = LaunchScreen.swift; sourceTree = "<group>"; };
		2240889F2D8CC88900870094 /* TaskDetailView.swift */ = {isa = PBXFileReference; lastKnownFileType = sourcecode.swift; path = TaskDetailView.swift; sourceTree = "<group>"; };
		22FEC0C82DA870BC0037F6F0 /* Task.swift */ = {isa = PBXFileReference; lastKnownFileType = sourcecode.swift; path = Task.swift; sourceTree = "<group>"; };
		22FEC0CB2DA870F60037F6F0 /* TaskDataStore.swift */ = {isa = PBXFileReference; lastKnownFileType = sourcecode.swift; path = TaskDataStore.swift; sourceTree = "<group>"; };
		22FEC0CE2DA8713C0037F6F0 /* TaskRow.swift */ = {isa = PBXFileReference; lastKnownFileType = sourcecode.swift; path = TaskRow.swift; sourceTree = "<group>"; };
		22FEC0D02DA871920037F6F0 /* AddTaskView.swift */ = {isa = PBXFileReference; lastKnownFileType = sourcecode.swift; path = AddTaskView.swift; sourceTree = "<group>"; };
/* End PBXFileReference section */

/* Begin PBXFrameworksBuildPhase section */
		2240886D2D8CC83A00870094 /* Frameworks */ = {
			isa = PBXFrameworksBuildPhase;
			buildActionMask = 2147483647;
			files = (
			);
			runOnlyForDeploymentPostprocessing = 0;
		};
		2240887D2D8CC83D00870094 /* Frameworks */ = {
			isa = PBXFrameworksBuildPhase;
			buildActionMask = 2147483647;
			files = (
			);
			runOnlyForDeploymentPostprocessing = 0;
		};
		224088872D8CC83D00870094 /* Frameworks */ = {
			isa = PBXFrameworksBuildPhase;
			buildActionMask = 2147483647;
			files = (
			);
			runOnlyForDeploymentPostprocessing = 0;
		};
/* End PBXFrameworksBuildPhase section */

/* Begin PBXGroup section */
		224088672D8CC83A00870094 = {
			isa = PBXGroup;
			children = (
				224088722D8CC83A00870094 /* ToDoApp */,
				224088832D8CC83D00870094 /* ToDoAppTests */,
				2240888D2D8CC83D00870094 /* ToDoAppUITests */,
				224088712D8CC83A00870094 /* Products */,
			);
			sourceTree = "<group>";
		};
		224088712D8CC83A00870094 /* Products */ = {
			isa = PBXGroup;
			children = (
				224088702D8CC83A00870094 /* ToDoApp.app */,
				224088802D8CC83D00870094 /* ToDoAppTests.xctest */,
				2240888A2D8CC83D00870094 /* ToDoAppUITests.xctest */,
			);
			name = Products;
			sourceTree = "<group>";
		};
		224088722D8CC83A00870094 /* ToDoApp */ = {
			isa = PBXGroup;
			children = (
				22FEC0CD2DA8710C0037F6F0 /* Views */,
				22FEC0CA2DA870E10037F6F0 /* ViewModels */,
				22FEC0C72DA870A00037F6F0 /* Models */,
				224088732D8CC83A00870094 /* ToDoAppApp.swift */,
				224088772D8CC83C00870094 /* Assets.xcassets */,
				224088792D8CC83C00870094 /* Preview Content */,
			);
			path = ToDoApp;
			sourceTree = "<group>";
		};
		224088792D8CC83C00870094 /* Preview Content */ = {
			isa = PBXGroup;
			children = (
				2240887A2D8CC83C00870094 /* Preview Assets.xcassets */,
			);
			path = "Preview Content";
			sourceTree = "<group>";
		};
		224088832D8CC83D00870094 /* ToDoAppTests */ = {
			isa = PBXGroup;
			children = (
				224088842D8CC83D00870094 /* ToDoAppTests.swift */,
			);
			path = ToDoAppTests;
			sourceTree = "<group>";
		};
		2240888D2D8CC83D00870094 /* ToDoAppUITests */ = {
			isa = PBXGroup;
			children = (
				2240888E2D8CC83D00870094 /* ToDoAppUITests.swift */,
				224088902D8CC83D00870094 /* ToDoAppUITestsLaunchTests.swift */,
			);
			path = ToDoAppUITests;
			sourceTree = "<group>";
		};
		22FEC0C72DA870A00037F6F0 /* Models */ = {
			isa = PBXGroup;
			children = (
				22FEC0C82DA870BC0037F6F0 /* Task.swift */,
			);
			path = Models;
			sourceTree = "<group>";
		};
		22FEC0CA2DA870E10037F6F0 /* ViewModels */ = {
			isa = PBXGroup;
			children = (
				22FEC0CB2DA870F60037F6F0 /* TaskDataStore.swift */,
			);
			path = ViewModels;
			sourceTree = "<group>";
		};
		22FEC0CD2DA8710C0037F6F0 /* Views */ = {
			isa = PBXGroup;
			children = (
				2240889D2D8CC87000870094 /* LaunchScreen.swift */,
				2240889F2D8CC88900870094 /* TaskDetailView.swift */,
				22FEC0CE2DA8713C0037F6F0 /* TaskRow.swift */,
				224088752D8CC83A00870094 /* ContentView.swift */,
				22FEC0D02DA871920037F6F0 /* AddTaskView.swift */,
			);
			path = Views;
			sourceTree = "<group>";
		};
/* End PBXGroup section */

/* Begin PBXNativeTarget section */
		2240886F2D8CC83A00870094 /* ToDoApp */ = {
			isa = PBXNativeTarget;
			buildConfigurationList = 224088942D8CC83D00870094 /* Build configuration list for PBXNativeTarget "ToDoApp" */;
			buildPhases = (
				2240886C2D8CC83A00870094 /* Sources */,
				2240886D2D8CC83A00870094 /* Frameworks */,
				2240886E2D8CC83A00870094 /* Resources */,
			);
			buildRules = (
			);
			dependencies = (
			);
			name = ToDoApp;
			productName = ToDoApp;
			productReference = 224088702D8CC83A00870094 /* ToDoApp.app */;
			productType = "com.apple.product-type.application";
		};
		2240887F2D8CC83D00870094 /* ToDoAppTests */ = {
			isa = PBXNativeTarget;
			buildConfigurationList = 224088972D8CC83D00870094 /* Build configuration list for PBXNativeTarget "ToDoAppTests" */;
			buildPhases = (
				2240887C2D8CC83D00870094 /* Sources */,
				2240887D2D8CC83D00870094 /* Frameworks */,
				2240887E2D8CC83D00870094 /* Resources */,
			);
			buildRules = (
			);
			dependencies = (
				224088822D8CC83D00870094 /* PBXTargetDependency */,
			);
			name = ToDoAppTests;
			productName = ToDoAppTests;
			productReference = 224088802D8CC83D00870094 /* ToDoAppTests.xctest */;
			productType = "com.apple.product-type.bundle.unit-test";
		};
		224088892D8CC83D00870094 /* ToDoAppUITests */ = {
			isa = PBXNativeTarget;
			buildConfigurationList = 2240889A2D8CC83D00870094 /* Build configuration list for PBXNativeTarget "ToDoAppUITests" */;
			buildPhases = (
				224088862D8CC83D00870094 /* Sources */,
				224088872D8CC83D00870094 /* Frameworks */,
				224088882D8CC83D00870094 /* Resources */,
			);
			buildRules = (
			);
			dependencies = (
				2240888C2D8CC83D00870094 /* PBXTargetDependency */,
			);
			name = ToDoAppUITests;
			productName = ToDoAppUITests;
			productReference = 2240888A2D8CC83D00870094 /* ToDoAppUITests.xctest */;
			productType = "com.apple.product-type.bundle.ui-testing";
		};
/* End PBXNativeTarget section */

/* Begin PBXProject section */
		224088682D8CC83A00870094 /* Project object */ = {
			isa = PBXProject;
			attributes = {
				BuildIndependentTargetsInParallel = 1;
				LastSwiftUpdateCheck = 1430;
				LastUpgradeCheck = 1430;
				TargetAttributes = {
					2240886F2D8CC83A00870094 = {
						CreatedOnToolsVersion = 14.3.1;
					};
					2240887F2D8CC83D00870094 = {
						CreatedOnToolsVersion = 14.3.1;
						TestTargetID = 2240886F2D8CC83A00870094;
					};
					224088892D8CC83D00870094 = {
						CreatedOnToolsVersion = 14.3.1;
						TestTargetID = 2240886F2D8CC83A00870094;
					};
				};
			};
			buildConfigurationList = 2240886B2D8CC83A00870094 /* Build configuration list for PBXProject "ToDoApp" */;
			compatibilityVersion = "Xcode 14.0";
			developmentRegion = en;
			hasScannedForEncodings = 0;
			knownRegions = (
				en,
				Base,
			);
			mainGroup = 224088672D8CC83A00870094;
			productRefGroup = 224088712D8CC83A00870094 /* Products */;
			projectDirPath = "";
			projectRoot = "";
			targets = (
				2240886F2D8CC83A00870094 /* ToDoApp */,
				2240887F2D8CC83D00870094 /* ToDoAppTests */,
				224088892D8CC83D00870094 /* ToDoAppUITests */,
			);
		};
/* End PBXProject section */

/* Begin PBXResourcesBuildPhase section */
		2240886E2D8CC83A00870094 /* Resources */ = {
			isa = PBXResourcesBuildPhase;
			buildActionMask = 2147483647;
			files = (
				2240887B2D8CC83C00870094 /* Preview Assets.xcassets in Resources */,
				224088782D8CC83C00870094 /* Assets.xcassets in Resources */,
			);
			runOnlyForDeploymentPostprocessing = 0;
		};
		2240887E2D8CC83D00870094 /* Resources */ = {
			isa = PBXResourcesBuildPhase;
			buildActionMask = 2147483647;
			files = (
			);
			runOnlyForDeploymentPostprocessing = 0;
		};
		224088882D8CC83D00870094 /* Resources */ = {
			isa = PBXResourcesBuildPhase;
			buildActionMask = 2147483647;
			files = (
			);
			runOnlyForDeploymentPostprocessing = 0;
		};
/* End PBXResourcesBuildPhase section */

/* Begin PBXSourcesBuildPhase section */
		2240886C2D8CC83A00870094 /* Sources */ = {
			isa = PBXSourcesBuildPhase;
			buildActionMask = 2147483647;
			files = (
				22FEC0CC2DA870F60037F6F0 /* TaskDataStore.swift in Sources */,
				224088A02D8CC88900870094 /* TaskDetailView.swift in Sources */,
				224088762D8CC83A00870094 /* ContentView.swift in Sources */,
				22FEC0D12DA871920037F6F0 /* AddTaskView.swift in Sources */,
				22FEC0C92DA870BC0037F6F0 /* Task.swift in Sources */,
				224088742D8CC83A00870094 /* ToDoAppApp.swift in Sources */,
				22FEC0CF2DA8713C0037F6F0 /* TaskRow.swift in Sources */,
				2240889E2D8CC87000870094 /* LaunchScreen.swift in Sources */,
			);
			runOnlyForDeploymentPostprocessing = 0;
		};
		2240887C2D8CC83D00870094 /* Sources */ = {
			isa = PBXSourcesBuildPhase;
			buildActionMask = 2147483647;
			files = (
				224088852D8CC83D00870094 /* ToDoAppTests.swift in Sources */,
			);
			runOnlyForDeploymentPostprocessing = 0;
		};
		224088862D8CC83D00870094 /* Sources */ = {
			isa = PBXSourcesBuildPhase;
			buildActionMask = 2147483647;
			files = (
				224088912D8CC83D00870094 /* ToDoAppUITestsLaunchTests.swift in Sources */,
				2240888F2D8CC83D00870094 /* ToDoAppUITests.swift in Sources */,
			);
			runOnlyForDeploymentPostprocessing = 0;
		};
/* End PBXSourcesBuildPhase section */

/* Begin PBXTargetDependency section */
		224088822D8CC83D00870094 /* PBXTargetDependency */ = {
			isa = PBXTargetDependency;
			target = 2240886F2D8CC83A00870094 /* ToDoApp */;
			targetProxy = 224088812D8CC83D00870094 /* PBXContainerItemProxy */;
		};
		2240888C2D8CC83D00870094 /* PBXTargetDependency */ = {
			isa = PBXTargetDependency;
			target = 2240886F2D8CC83A00870094 /* ToDoApp */;
			targetProxy = 2240888B2D8CC83D00870094 /* PBXContainerItemProxy */;
		};
/* End PBXTargetDependency section */

/* Begin XCBuildConfiguration section */
		224088922D8CC83D00870094 /* Debug */ = {
			isa = XCBuildConfiguration;
			buildSettings = {
				ALWAYS_SEARCH_USER_PATHS = NO;
				CLANG_ANALYZER_NONNULL = YES;
				CLANG_ANALYZER_NUMBER_OBJECT_CONVERSION = YES_AGGRESSIVE;
				CLANG_CXX_LANGUAGE_STANDARD = "gnu++20";
				CLANG_ENABLE_MODULES = YES;
				CLANG_ENABLE_OBJC_ARC = YES;
				CLANG_ENABLE_OBJC_WEAK = YES;
				CLANG_WARN_BLOCK_CAPTURE_AUTORELEASING = YES;
				CLANG_WARN_BOOL_CONVERSION = YES;
				CLANG_WARN_COMMA = YES;
				CLANG_WARN_CONSTANT_CONVERSION = YES;
				CLANG_WARN_DEPRECATED_OBJC_IMPLEMENTATIONS = YES;
				CLANG_WARN_DIRECT_OBJC_ISA_USAGE = YES_ERROR;
				CLANG_WARN_DOCUMENTATION_COMMENTS = YES;
				CLANG_WARN_EMPTY_BODY = YES;
				CLANG_WARN_ENUM_CONVERSION = YES;
				CLANG_WARN_INFINITE_RECURSION = YES;
				CLANG_WARN_INT_CONVERSION = YES;
				CLANG_WARN_NON_LITERAL_NULL_CONVERSION = YES;
				CLANG_WARN_OBJC_IMPLICIT_RETAIN_SELF = YES;
				CLANG_WARN_OBJC_LITERAL_CONVERSION = YES;
				CLANG_WARN_OBJC_ROOT_CLASS = YES_ERROR;
				CLANG_WARN_QUOTED_INCLUDE_IN_FRAMEWORK_HEADER = YES;
				CLANG_WARN_RANGE_LOOP_ANALYSIS = YES;
				CLANG_WARN_STRICT_PROTOTYPES = YES;
				CLANG_WARN_SUSPICIOUS_MOVE = YES;
				CLANG_WARN_UNGUARDED_AVAILABILITY = YES_AGGRESSIVE;
				CLANG_WARN_UNREACHABLE_CODE = YES;
				CLANG_WARN__DUPLICATE_METHOD_MATCH = YES;
				COPY_PHASE_STRIP = NO;
				DEBUG_INFORMATION_FORMAT = dwarf;
				ENABLE_STRICT_OBJC_MSGSEND = YES;
				ENABLE_TESTABILITY = YES;
				GCC_C_LANGUAGE_STANDARD = gnu11;
				GCC_DYNAMIC_NO_PIC = NO;
				GCC_NO_COMMON_BLOCKS = YES;
				GCC_OPTIMIZATION_LEVEL = 0;
				GCC_PREPROCESSOR_DEFINITIONS = (
					"DEBUG=1",
					"$(inherited)",
				);
				GCC_WARN_64_TO_32_BIT_CONVERSION = YES;
				GCC_WARN_ABOUT_RETURN_TYPE = YES_ERROR;
				GCC_WARN_UNDECLARED_SELECTOR = YES;
				GCC_WARN_UNINITIALIZED_AUTOS = YES_AGGRESSIVE;
				GCC_WARN_UNUSED_FUNCTION = YES;
				GCC_WARN_UNUSED_VARIABLE = YES;
				IPHONEOS_DEPLOYMENT_TARGET = 16.4;
				MTL_ENABLE_DEBUG_INFO = INCLUDE_SOURCE;
				MTL_FAST_MATH = YES;
				ONLY_ACTIVE_ARCH = YES;
				SDKROOT = iphoneos;
				SWIFT_ACTIVE_COMPILATION_CONDITIONS = DEBUG;
				SWIFT_OPTIMIZATION_LEVEL = "-Onone";
			};
			name = Debug;
		};
		224088932D8CC83D00870094 /* Release */ = {
			isa = XCBuildConfiguration;
			buildSettings = {
				ALWAYS_SEARCH_USER_PATHS = NO;
				CLANG_ANALYZER_NONNULL = YES;
				CLANG_ANALYZER_NUMBER_OBJECT_CONVERSION = YES_AGGRESSIVE;
				CLANG_CXX_LANGUAGE_STANDARD = "gnu++20";
				CLANG_ENABLE_MODULES = YES;
				CLANG_ENABLE_OBJC_ARC = YES;
				CLANG_ENABLE_OBJC_WEAK = YES;
				CLANG_WARN_BLOCK_CAPTURE_AUTORELEASING = YES;
				CLANG_WARN_BOOL_CONVERSION = YES;
				CLANG_WARN_COMMA = YES;
				CLANG_WARN_CONSTANT_CONVERSION = YES;
				CLANG_WARN_DEPRECATED_OBJC_IMPLEMENTATIONS = YES;
				CLANG_WARN_DIRECT_OBJC_ISA_USAGE = YES_ERROR;
				CLANG_WARN_DOCUMENTATION_COMMENTS = YES;
				CLANG_WARN_EMPTY_BODY = YES;
				CLANG_WARN_ENUM_CONVERSION = YES;
				CLANG_WARN_INFINITE_RECURSION = YES;
				CLANG_WARN_INT_CONVERSION = YES;
				CLANG_WARN_NON_LITERAL_NULL_CONVERSION = YES;
				CLANG_WARN_OBJC_IMPLICIT_RETAIN_SELF = YES;
				CLANG_WARN_OBJC_LITERAL_CONVERSION = YES;
				CLANG_WARN_OBJC_ROOT_CLASS = YES_ERROR;
				CLANG_WARN_QUOTED_INCLUDE_IN_FRAMEWORK_HEADER = YES;
				CLANG_WARN_RANGE_LOOP_ANALYSIS = YES;
				CLANG_WARN_STRICT_PROTOTYPES = YES;
				CLANG_WARN_SUSPICIOUS_MOVE = YES;
				CLANG_WARN_UNGUARDED_AVAILABILITY = YES_AGGRESSIVE;
				CLANG_WARN_UNREACHABLE_CODE = YES;
				CLANG_WARN__DUPLICATE_METHOD_MATCH = YES;
				COPY_PHASE_STRIP = NO;
				DEBUG_INFORMATION_FORMAT = "dwarf-with-dsym";
				ENABLE_NS_ASSERTIONS = NO;
				ENABLE_STRICT_OBJC_MSGSEND = YES;
				GCC_C_LANGUAGE_STANDARD = gnu11;
				GCC_NO_COMMON_BLOCKS = YES;
				GCC_WARN_64_TO_32_BIT_CONVERSION = YES;
				GCC_WARN_ABOUT_RETURN_TYPE = YES_ERROR;
				GCC_WARN_UNDECLARED_SELECTOR = YES;
				GCC_WARN_UNINITIALIZED_AUTOS = YES_AGGRESSIVE;
				GCC_WARN_UNUSED_FUNCTION = YES;
				GCC_WARN_UNUSED_VARIABLE = YES;
				IPHONEOS_DEPLOYMENT_TARGET = 16.4;
				MTL_ENABLE_DEBUG_INFO = NO;
				MTL_FAST_MATH = YES;
				SDKROOT = iphoneos;
				SWIFT_COMPILATION_MODE = wholemodule;
				SWIFT_OPTIMIZATION_LEVEL = "-O";
				VALIDATE_PRODUCT = YES;
			};
			name = Release;
		};
		224088952D8CC83D00870094 /* Debug */ = {
			isa = XCBuildConfiguration;
			buildSettings = {
				ASSETCATALOG_COMPILER_APPICON_NAME = AppIcon;
				ASSETCATALOG_COMPILER_GLOBAL_ACCENT_COLOR_NAME = AccentColor;
				CODE_SIGN_STYLE = Automatic;
				CURRENT_PROJECT_VERSION = 1;
				DEVELOPMENT_ASSET_PATHS = "\"ToDoApp/Preview Content\"";
				ENABLE_PREVIEWS = YES;
				GENERATE_INFOPLIST_FILE = YES;
				INFOPLIST_KEY_UIApplicationSceneManifest_Generation = YES;
				INFOPLIST_KEY_UIApplicationSupportsIndirectInputEvents = YES;
				INFOPLIST_KEY_UILaunchScreen_Generation = YES;
				INFOPLIST_KEY_UISupportedInterfaceOrientations_iPad = "UIInterfaceOrientationPortrait UIInterfaceOrientationPortraitUpsideDown UIInterfaceOrientationLandscapeLeft UIInterfaceOrientationLandscapeRight";
				INFOPLIST_KEY_UISupportedInterfaceOrientations_iPhone = "UIInterfaceOrientationPortrait UIInterfaceOrientationLandscapeLeft UIInterfaceOrientationLandscapeRight";
				LD_RUNPATH_SEARCH_PATHS = (
					"$(inherited)",
					"@executable_path/Frameworks",
				);
				MARKETING_VERSION = 1.0;
				PRODUCT_BUNDLE_IDENTIFIER = com.gbc.ToDoApp;
				PRODUCT_NAME = "$(TARGET_NAME)";
				SWIFT_EMIT_LOC_STRINGS = YES;
				SWIFT_VERSION = 5.0;
				TARGETED_DEVICE_FAMILY = "1,2";
			};
			name = Debug;
		};
		224088962D8CC83D00870094 /* Release */ = {
			isa = XCBuildConfiguration;
			buildSettings = {
				ASSETCATALOG_COMPILER_APPICON_NAME = AppIcon;
				ASSETCATALOG_COMPILER_GLOBAL_ACCENT_COLOR_NAME = AccentColor;
				CODE_SIGN_STYLE = Automatic;
				CURRENT_PROJECT_VERSION = 1;
				DEVELOPMENT_ASSET_PATHS = "\"ToDoApp/Preview Content\"";
				ENABLE_PREVIEWS = YES;
				GENERATE_INFOPLIST_FILE = YES;
				INFOPLIST_KEY_UIApplicationSceneManifest_Generation = YES;
				INFOPLIST_KEY_UIApplicationSupportsIndirectInputEvents = YES;
				INFOPLIST_KEY_UILaunchScreen_Generation = YES;
				INFOPLIST_KEY_UISupportedInterfaceOrientations_iPad = "UIInterfaceOrientationPortrait UIInterfaceOrientationPortraitUpsideDown UIInterfaceOrientationLandscapeLeft UIInterfaceOrientationLandscapeRight";
				INFOPLIST_KEY_UISupportedInterfaceOrientations_iPhone = "UIInterfaceOrientationPortrait UIInterfaceOrientationLandscapeLeft UIInterfaceOrientationLandscapeRight";
				LD_RUNPATH_SEARCH_PATHS = (
					"$(inherited)",
					"@executable_path/Frameworks",
				);
				MARKETING_VERSION = 1.0;
				PRODUCT_BUNDLE_IDENTIFIER = com.gbc.ToDoApp;
				PRODUCT_NAME = "$(TARGET_NAME)";
				SWIFT_EMIT_LOC_STRINGS = YES;
				SWIFT_VERSION = 5.0;
				TARGETED_DEVICE_FAMILY = "1,2";
			};
			name = Release;
		};
		224088982D8CC83D00870094 /* Debug */ = {
			isa = XCBuildConfiguration;
			buildSettings = {
				ALWAYS_EMBED_SWIFT_STANDARD_LIBRARIES = YES;
				BUNDLE_LOADER = "$(TEST_HOST)";
				CODE_SIGN_STYLE = Automatic;
				CURRENT_PROJECT_VERSION = 1;
				GENERATE_INFOPLIST_FILE = YES;
				IPHONEOS_DEPLOYMENT_TARGET = 16.4;
				MARKETING_VERSION = 1.0;
				PRODUCT_BUNDLE_IDENTIFIER = com.gbc.ToDoAppTests;
				PRODUCT_NAME = "$(TARGET_NAME)";
				SWIFT_EMIT_LOC_STRINGS = NO;
				SWIFT_VERSION = 5.0;
				TARGETED_DEVICE_FAMILY = "1,2";
				TEST_HOST = "$(BUILT_PRODUCTS_DIR)/ToDoApp.app/$(BUNDLE_EXECUTABLE_FOLDER_PATH)/ToDoApp";
			};
			name = Debug;
		};
		224088992D8CC83D00870094 /* Release */ = {
			isa = XCBuildConfiguration;
			buildSettings = {
				ALWAYS_EMBED_SWIFT_STANDARD_LIBRARIES = YES;
				BUNDLE_LOADER = "$(TEST_HOST)";
				CODE_SIGN_STYLE = Automatic;
				CURRENT_PROJECT_VERSION = 1;
				GENERATE_INFOPLIST_FILE = YES;
				IPHONEOS_DEPLOYMENT_TARGET = 16.4;
				MARKETING_VERSION = 1.0;
				PRODUCT_BUNDLE_IDENTIFIER = com.gbc.ToDoAppTests;
				PRODUCT_NAME = "$(TARGET_NAME)";
				SWIFT_EMIT_LOC_STRINGS = NO;
				SWIFT_VERSION = 5.0;
				TARGETED_DEVICE_FAMILY = "1,2";
				TEST_HOST = "$(BUILT_PRODUCTS_DIR)/ToDoApp.app/$(BUNDLE_EXECUTABLE_FOLDER_PATH)/ToDoApp";
			};
			name = Release;
		};
		2240889B2D8CC83D00870094 /* Debug */ = {
			isa = XCBuildConfiguration;
			buildSettings = {
				ALWAYS_EMBED_SWIFT_STANDARD_LIBRARIES = YES;
				CODE_SIGN_STYLE = Automatic;
				CURRENT_PROJECT_VERSION = 1;
				GENERATE_INFOPLIST_FILE = YES;
				MARKETING_VERSION = 1.0;
				PRODUCT_BUNDLE_IDENTIFIER = com.gbc.ToDoAppUITests;
				PRODUCT_NAME = "$(TARGET_NAME)";
				SWIFT_EMIT_LOC_STRINGS = NO;
				SWIFT_VERSION = 5.0;
				TARGETED_DEVICE_FAMILY = "1,2";
				TEST_TARGET_NAME = ToDoApp;
			};
			name = Debug;
		};
		2240889C2D8CC83D00870094 /* Release */ = {
			isa = XCBuildConfiguration;
			buildSettings = {
				ALWAYS_EMBED_SWIFT_STANDARD_LIBRARIES = YES;
				CODE_SIGN_STYLE = Automatic;
				CURRENT_PROJECT_VERSION = 1;
				GENERATE_INFOPLIST_FILE = YES;
				MARKETING_VERSION = 1.0;
				PRODUCT_BUNDLE_IDENTIFIER = com.gbc.ToDoAppUITests;
				PRODUCT_NAME = "$(TARGET_NAME)";
				SWIFT_EMIT_LOC_STRINGS = NO;
				SWIFT_VERSION = 5.0;
				TARGETED_DEVICE_FAMILY = "1,2";
				TEST_TARGET_NAME = ToDoApp;
			};
			name = Release;
		};
/* End XCBuildConfiguration section */

/* Begin XCConfigurationList section */
		2240886B2D8CC83A00870094 /* Build configuration list for PBXProject "ToDoApp" */ = {
			isa = XCConfigurationList;
			buildConfigurations = (
				224088922D8CC83D00870094 /* Debug */,
				224088932D8CC83D00870094 /* Release */,
			);
			defaultConfigurationIsVisible = 0;
			defaultConfigurationName = Release;
		};
		224088942D8CC83D00870094 /* Build configuration list for PBXNativeTarget "ToDoApp" */ = {
			isa = XCConfigurationList;
			buildConfigurations = (
				224088952D8CC83D00870094 /* Debug */,
				224088962D8CC83D00870094 /* Release */,
			);
			defaultConfigurationIsVisible = 0;
			defaultConfigurationName = Release;
		};
		224088972D8CC83D00870094 /* Build configuration list for PBXNativeTarget "ToDoAppTests" */ = {
			isa = XCConfigurationList;
			buildConfigurations = (
				224088982D8CC83D00870094 /* Debug */,
				224088992D8CC83D00870094 /* Release */,
			);
			defaultConfigurationIsVisible = 0;
			defaultConfigurationName = Release;
		};
		2240889A2D8CC83D00870094 /* Build configuration list for PBXNativeTarget "ToDoAppUITests" */ = {
			isa = XCConfigurationList;
			buildConfigurations = (
				2240889B2D8CC83D00870094 /* Debug */,
				2240889C2D8CC83D00870094 /* Release */,
			);
			defaultConfigurationIsVisible = 0;
			defaultConfigurationName = Release;
		};
/* End XCConfigurationList section */
	};
	rootObject = 224088682D8CC83A00870094 /* Project object */;
}
